
Microsoft Visual Studio Solution File, Format Version 12.00
Project("{FAE04EC0-301F-11D3-BF4B-00C04F79EFBC}") = "NavigationApp", "NavigationApp\NavigationApp.csproj", "{D38F122B-61EF-4CB4-AA79-030A3B9F0914}"
EndProject
Global
	GlobalSection(SolutionConfigurationPlatforms) = preSolution
		Debug|Any CPU = Debug|Any CPU
		Release|Any CPU = Release|Any CPU
	EndGlobalSection
	GlobalSection(ProjectConfigurationPlatforms) = postSolution
		{D38F122B-61EF-4CB4-AA79-030A3B9F0914}.Debug|Any CPU.ActiveCfg = Debug|Any CPU
		{D38F122B-61EF-4CB4-AA79-030A3B9F0914}.Debug|Any CPU.Build.0 = Debug|Any CPU
		{D38F122B-61EF-4CB4-AA79-030A3B9F0914}.Release|Any CPU.ActiveCfg = Release|Any CPU
		{D38F122B-61EF-4CB4-AA79-030A3B9F0914}.Release|Any CPU.Build.0 = Release|Any CPU
	EndGlobalSection
EndGlobal
